// !$*UTF8*$!
{
	archiveVersion = 1;
	classes = {
	};
	objectVersion = 77;
	objects = {

/* Begin PBXBuildFile section */
		128811F958624CF1C922E66A /* icons.js in Resources */ = {isa = PBXBuildFile; fileRef = 124ACD94EBACFE6991EC68FB /* icons.js */; };
		3572911CFCFF3FBBB63D3C51 /* ContentView.swift in Sources */ = {isa = PBXBuildFile; fileRef = 1E3F6E82F9DA89FFF87A42CC /* ContentView.swift */; };
		3A4950F747626DF94B3CCBA5 /* ReaderApp.swift in Sources */ = {isa = PBXBuildFile; fileRef = 7D915215DC3C02C3114BBA33 /* ReaderApp.swift */; };
		79DC250315897C41FC59A4D8 /* manifest.json in Resources */ = {isa = PBXBuildFile; fileRef = 52ADC7E2184B6EB0A742A7D6 /* manifest.json */; };
		7CD68CFB5F8A168A93E98123 /* viewer.js in Resources */ = {isa = PBXBuildFile; fileRef = AF4E94E0A1582D1AE049A3EC /* viewer.js */; };
		A48156D63B8BD22043E716E2 /* engine.js in Resources */ = {isa = PBXBuildFile; fileRef = BDB1F55E085EBC10D66C13E6 /* engine.js */; };
		A9BB56EA38BAE04857D9861D /* defuddle.js in Resources */ = {isa = PBXBuildFile; fileRef = 64F63826C4627E36ADAA26D8 /* defuddle.js */; };
		ACCC6792E189B4A2E2B4ED39 /* ReaderExtension.appex in Embed Foundation Extensions */ = {isa = PBXBuildFile; fileRef = 57DFDD0176E47D6239FC9A89 /* ReaderExtension.appex */; settings = {ATTRIBUTES = (RemoveHeadersOnCopy, ); }; };
		C5D84D7C3C898630E3695E5D /* SafariWebExtensionHandler.swift in Sources */ = {isa = PBXBuildFile; fileRef = 563D99132DADB6D2680AF42C /* SafariWebExtensionHandler.swift */; };
		D40186AAD7A58C655883A0F6 /* bootstrap.js in Resources */ = {isa = PBXBuildFile; fileRef = F3456E750AFB31334575307B /* bootstrap.js */; };
		FC4C5DBF2DFBDA0AC58ACA20 /* extractor.js in Resources */ = {isa = PBXBuildFile; fileRef = 6135B5025D8DC03B1AF1ECB9 /* extractor.js */; };
/* End PBXBuildFile section */

/* Begin PBXContainerItemProxy section */
		09EEC11920745294219FBFEF /* PBXContainerItemProxy */ = {
			isa = PBXContainerItemProxy;
			containerPortal = 6C1D9791AA3E6017BFAFC4E3 /* Project object */;
			proxyType = 1;
			remoteGlobalIDString = 2E9077C31616F18C26DFAC17;
			remoteInfo = ReaderExtension;
		};
/* End PBXContainerItemProxy section */

/* Begin PBXCopyFilesBuildPhase section */
		DA1A46E1FAA8E0A103F92C02 /* Embed Foundation Extensions */ = {
			isa = PBXCopyFilesBuildPhase;
			buildActionMask = 2147483647;
			dstPath = "";
			dstSubfolderSpec = 13;
			files = (
				ACCC6792E189B4A2E2B4ED39 /* ReaderExtension.appex in Embed Foundation Extensions */,
			);
			name = "Embed Foundation Extensions";
			runOnlyForDeploymentPostprocessing = 0;
		};
/* End PBXCopyFilesBuildPhase section */

/* Begin PBXFileReference section */
		124ACD94EBACFE6991EC68FB /* icons.js */ = {isa = PBXFileReference; lastKnownFileType = sourcecode.javascript; path = icons.js; sourceTree = "<group>"; };
		1E3F6E82F9DA89FFF87A42CC /* ContentView.swift */ = {isa = PBXFileReference; lastKnownFileType = sourcecode.swift; path = ContentView.swift; sourceTree = "<group>"; };
		4B5B7ABCDD4118F1C0A3497E /* Info.plist */ = {isa = PBXFileReference; lastKnownFileType = text.plist; path = Info.plist; sourceTree = "<group>"; };
		52ADC7E2184B6EB0A742A7D6 /* manifest.json */ = {isa = PBXFileReference; lastKnownFileType = text.json; path = manifest.json; sourceTree = "<group>"; };
		563D99132DADB6D2680AF42C /* SafariWebExtensionHandler.swift */ = {isa = PBXFileReference; lastKnownFileType = sourcecode.swift; path = SafariWebExtensionHandler.swift; sourceTree = "<group>"; };
		57DFDD0176E47D6239FC9A89 /* ReaderExtension.appex */ = {isa = PBXFileReference; includeInIndex = 0; lastKnownFileType = "wrapper.app-extension"; path = ReaderExtension.appex; sourceTree = BUILT_PRODUCTS_DIR; };
		6135B5025D8DC03B1AF1ECB9 /* extractor.js */ = {isa = PBXFileReference; lastKnownFileType = sourcecode.javascript; path = extractor.js; sourceTree = "<group>"; };
		64F63826C4627E36ADAA26D8 /* defuddle.js */ = {isa = PBXFileReference; lastKnownFileType = sourcecode.javascript; path = defuddle.js; sourceTree = "<group>"; };
		7D1BE4C99722DBE37CC537AA /* Reader.app */ = {isa = PBXFileReference; includeInIndex = 0; lastKnownFileType = wrapper.application; path = Reader.app; sourceTree = BUILT_PRODUCTS_DIR; };
		7D915215DC3C02C3114BBA33 /* ReaderApp.swift */ = {isa = PBXFileReference; lastKnownFileType = sourcecode.swift; path = ReaderApp.swift; sourceTree = "<group>"; };
		AF4E94E0A1582D1AE049A3EC /* viewer.js */ = {isa = PBXFileReference; lastKnownFileType = sourcecode.javascript; path = viewer.js; sourceTree = "<group>"; };
		BDB1F55E085EBC10D66C13E6 /* engine.js */ = {isa = PBXFileReference; lastKnownFileType = sourcecode.javascript; path = engine.js; sourceTree = "<group>"; };
		D60E267CE32F445F8FAF02E2 /* Info.plist */ = {isa = PBXFileReference; lastKnownFileType = text.plist; path = Info.plist; sourceTree = "<group>"; };
		F3456E750AFB31334575307B /* bootstrap.js */ = {isa = PBXFileReference; lastKnownFileType = sourcecode.javascript; path = bootstrap.js; sourceTree = "<group>"; };
/* End PBXFileReference section */

/* Begin PBXGroup section */
		3FC116609B3DDA2D0644A4E6 /* src */ = {
			isa = PBXGroup;
			children = (
				6135B5025D8DC03B1AF1ECB9 /* extractor.js */,
			);
			name = src;
			path = ../../packages/extractor/src;
			sourceTree = "<group>";
		};
		5853D0C5A70868B58D033182 /* ReaderExtension */ = {
			isa = PBXGroup;
			children = (
				D60E267CE32F445F8FAF02E2 /* Info.plist */,
				563D99132DADB6D2680AF42C /* SafariWebExtensionHandler.swift */,
			);
			path = ReaderExtension;
			sourceTree = "<group>";
		};
		5DECC58269D69D82581B122B /* viewer */ = {
			isa = PBXGroup;
			children = (
				F3456E750AFB31334575307B /* bootstrap.js */,
				124ACD94EBACFE6991EC68FB /* icons.js */,
				AF4E94E0A1582D1AE049A3EC /* viewer.js */,
			);
			name = viewer;
			path = ReaderExtension/Resources/viewer;
			sourceTree = "<group>";
		};
		73B2DB732908507A0C3B3243 /* Resources */ = {
			isa = PBXGroup;
			children = (
				52ADC7E2184B6EB0A742A7D6 /* manifest.json */,
			);
			name = Resources;
			path = ReaderExtension/Resources;
			sourceTree = "<group>";
		};
		73CE473A89CFE902C734CE7E = {
			isa = PBXGroup;
			children = (
				B0B0FE902EAF4990EC048327 /* defuddle */,
				CC64B75A69019F3E951AD40F /* ReaderApp */,
				5853D0C5A70868B58D033182 /* ReaderExtension */,
				73B2DB732908507A0C3B3243 /* Resources */,
				E78A6F0394E68277EA7319C4 /* src */,
				3FC116609B3DDA2D0644A4E6 /* src */,
				5DECC58269D69D82581B122B /* viewer */,
				A97F85522AF62C54C5BF2D39 /* Products */,
			);
			sourceTree = "<group>";
		};
		A97F85522AF62C54C5BF2D39 /* Products */ = {
			isa = PBXGroup;
			children = (
				7D1BE4C99722DBE37CC537AA /* Reader.app */,
				57DFDD0176E47D6239FC9A89 /* ReaderExtension.appex */,
			);
			name = Products;
			sourceTree = "<group>";
		};
		B0B0FE902EAF4990EC048327 /* defuddle */ = {
			isa = PBXGroup;
			children = (
				64F63826C4627E36ADAA26D8 /* defuddle.js */,
			);
			name = defuddle;
			path = ../../vendor/defuddle;
			sourceTree = "<group>";
		};
		CC64B75A69019F3E951AD40F /* ReaderApp */ = {
			isa = PBXGroup;
			children = (
				1E3F6E82F9DA89FFF87A42CC /* ContentView.swift */,
				4B5B7ABCDD4118F1C0A3497E /* Info.plist */,
				7D915215DC3C02C3114BBA33 /* ReaderApp.swift */,
			);
			path = ReaderApp;
			sourceTree = "<group>";
		};
		E78A6F0394E68277EA7319C4 /* src */ = {
			isa = PBXGroup;
			children = (
				BDB1F55E085EBC10D66C13E6 /* engine.js */,
			);
			name = src;
			path = ../../packages/engine/src;
			sourceTree = "<group>";
		};
/* End PBXGroup section */

/* Begin PBXNativeTarget section */
		2E9077C31616F18C26DFAC17 /* ReaderExtension */ = {
			isa = PBXNativeTarget;
			buildConfigurationList = 9737E32CE941DDF829DB13E3 /* Build configuration list for PBXNativeTarget "ReaderExtension" */;
			buildPhases = (
				A1CA9B167285A9E5151A417A /* Sources */,
				5374310FA04BE3132B071571 /* Resources */,
			);
			buildRules = (
			);
			dependencies = (
			);
			name = ReaderExtension;
			packageProductDependencies = (
			);
			productName = ReaderExtension;
			productReference = 57DFDD0176E47D6239FC9A89 /* ReaderExtension.appex */;
			productType = "com.apple.product-type.app-extension";
		};
		4FF2F419C3D2B210459D9DF7 /* Reader */ = {
			isa = PBXNativeTarget;
			buildConfigurationList = 21E55A0F7442A2C8FA97EE36 /* Build configuration list for PBXNativeTarget "Reader" */;
			buildPhases = (
				0EFF3A616744C264D150F31E /* Sources */,
				DA1A46E1FAA8E0A103F92C02 /* Embed Foundation Extensions */,
			);
			buildRules = (
			);
			dependencies = (
				8BB07B9A8497445C07453F04 /* PBXTargetDependency */,
			);
			name = Reader;
			packageProductDependencies = (
			);
			productName = Reader;
			productReference = 7D1BE4C99722DBE37CC537AA /* Reader.app */;
			productType = "com.apple.product-type.application";
		};
/* End PBXNativeTarget section */

/* Begin PBXProject section */
		6C1D9791AA3E6017BFAFC4E3 /* Project object */ = {
			isa = PBXProject;
			attributes = {
				BuildIndependentTargetsInParallel = YES;
				LastUpgradeCheck = 1430;
				TargetAttributes = {
					2E9077C31616F18C26DFAC17 = {
						ProvisioningStyle = Automatic;
					};
					4FF2F419C3D2B210459D9DF7 = {
						ProvisioningStyle = Automatic;
					};
				};
			};
			buildConfigurationList = FBA57EFE88FEA7157D85F533 /* Build configuration list for PBXProject "Reader" */;
			developmentRegion = en;
			hasScannedForEncodings = 0;
			knownRegions = (
				Base,
				en,
			);
			mainGroup = 73CE473A89CFE902C734CE7E;
			minimizedProjectReferenceProxies = 1;
			preferredProjectObjectVersion = 77;
			productRefGroup = A97F85522AF62C54C5BF2D39 /* Products */;
			projectDirPath = "";
			projectRoot = "";
			targets = (
				4FF2F419C3D2B210459D9DF7 /* Reader */,
				2E9077C31616F18C26DFAC17 /* ReaderExtension */,
			);
		};
/* End PBXProject section */

/* Begin PBXResourcesBuildPhase section */
		5374310FA04BE3132B071571 /* Resources */ = {
			isa = PBXResourcesBuildPhase;
			buildActionMask = 2147483647;
			files = (
				D40186AAD7A58C655883A0F6 /* bootstrap.js in Resources */,
				A9BB56EA38BAE04857D9861D /* defuddle.js in Resources */,
				A48156D63B8BD22043E716E2 /* engine.js in Resources */,
				FC4C5DBF2DFBDA0AC58ACA20 /* extractor.js in Resources */,
				128811F958624CF1C922E66A /* icons.js in Resources */,
				79DC250315897C41FC59A4D8 /* manifest.json in Resources */,
				7CD68CFB5F8A168A93E98123 /* viewer.js in Resources */,
			);
			runOnlyForDeploymentPostprocessing = 0;
		};
/* End PBXResourcesBuildPhase section */

/* Begin PBXSourcesBuildPhase section */
		0EFF3A616744C264D150F31E /* Sources */ = {
			isa = PBXSourcesBuildPhase;
			buildActionMask = 2147483647;
			files = (
				3572911CFCFF3FBBB63D3C51 /* ContentView.swift in Sources */,
				3A4950F747626DF94B3CCBA5 /* ReaderApp.swift in Sources */,
			);
			runOnlyForDeploymentPostprocessing = 0;
		};
		A1CA9B167285A9E5151A417A /* Sources */ = {
			isa = PBXSourcesBuildPhase;
			buildActionMask = 2147483647;
			files = (
				C5D84D7C3C898630E3695E5D /* SafariWebExtensionHandler.swift in Sources */,
			);
			runOnlyForDeploymentPostprocessing = 0;
		};
/* End PBXSourcesBuildPhase section */

/* Begin PBXTargetDependency section */
		8BB07B9A8497445C07453F04 /* PBXTargetDependency */ = {
			isa = PBXTargetDependency;
			target = 2E9077C31616F18C26DFAC17 /* ReaderExtension */;
			targetProxy = 09EEC11920745294219FBFEF /* PBXContainerItemProxy */;
		};
/* End PBXTargetDependency section */

/* Begin XCBuildConfiguration section */
		325D20FC41E71E936F8C8B19 /* Debug */ = {
			isa = XCBuildConfiguration;
			buildSettings = {
				APPLICATION_EXTENSION_API_ONLY = YES;
				CODE_SIGN_STYLE = Automatic;
				GENERATE_INFOPLIST_FILE = NO;
				INFOPLIST_FILE = ReaderExtension/Info.plist;
				LD_RUNPATH_SEARCH_PATHS = (
					"$(inherited)",
					"@executable_path/Frameworks",
					"@executable_path/../../Frameworks",
				);
				PRODUCT_BUNDLE_IDENTIFIER = "$(READER_EXTENSION_BUNDLE_ID)";
				PRODUCT_NAME = ReaderExtension;
				SDKROOT = iphoneos;
				SKIP_INSTALL = YES;
				TARGETED_DEVICE_FAMILY = "1,2";
			};
			name = Debug;
		};
		4BE7A8885E008B33AF7A31A8 /* Debug */ = {
			isa = XCBuildConfiguration;
			buildSettings = {
				ALWAYS_SEARCH_USER_PATHS = NO;
				CLANG_ANALYZER_NONNULL = YES;
				CLANG_ANALYZER_NUMBER_OBJECT_CONVERSION = YES_AGGRESSIVE;
				CLANG_CXX_LANGUAGE_STANDARD = "gnu++14";
				CLANG_CXX_LIBRARY = "libc++";
				CLANG_ENABLE_MODULES = YES;
				CLANG_ENABLE_OBJC_ARC = YES;
				CLANG_ENABLE_OBJC_WEAK = YES;
				CLANG_WARN_BLOCK_CAPTURE_AUTORELEASING = YES;
				CLANG_WARN_BOOL_CONVERSION = YES;
				CLANG_WARN_COMMA = YES;
				CLANG_WARN_CONSTANT_CONVERSION = YES;
				CLANG_WARN_DEPRECATED_OBJC_IMPLEMENTATIONS = YES;
				CLANG_WARN_DIRECT_OBJC_ISA_USAGE = YES_ERROR;
				CLANG_WARN_DOCUMENTATION_COMMENTS = YES;
				CLANG_WARN_EMPTY_BODY = YES;
				CLANG_WARN_ENUM_CONVERSION = YES;
				CLANG_WARN_INFINITE_RECURSION = YES;
				CLANG_WARN_INT_CONVERSION = YES;
				CLANG_WARN_NON_LITERAL_NULL_CONVERSION = YES;
				CLANG_WARN_OBJC_IMPLICIT_RETAIN_SELF = YES;
				CLANG_WARN_OBJC_LITERAL_CONVERSION = YES;
				CLANG_WARN_OBJC_ROOT_CLASS = YES_ERROR;
				CLANG_WARN_QUOTED_INCLUDE_IN_FRAMEWORK_HEADER = YES;
				CLANG_WARN_RANGE_LOOP_ANALYSIS = YES;
				CLANG_WARN_STRICT_PROTOTYPES = YES;
				CLANG_WARN_SUSPICIOUS_MOVE = YES;
				CLANG_WARN_UNGUARDED_AVAILABILITY = YES_AGGRESSIVE;
				CLANG_WARN_UNREACHABLE_CODE = YES;
				CLANG_WARN__DUPLICATE_METHOD_MATCH = YES;
				COPY_PHASE_STRIP = NO;
				CURRENT_PROJECT_VERSION = 2;
				DEBUG_INFORMATION_FORMAT = dwarf;
				ENABLE_STRICT_OBJC_MSGSEND = YES;
				ENABLE_TESTABILITY = YES;
				GCC_C_LANGUAGE_STANDARD = gnu11;
				GCC_DYNAMIC_NO_PIC = NO;
				GCC_NO_COMMON_BLOCKS = YES;
				GCC_OPTIMIZATION_LEVEL = 0;
				GCC_PREPROCESSOR_DEFINITIONS = (
					"$(inherited)",
					"DEBUG=1",
				);
				GCC_WARN_64_TO_32_BIT_CONVERSION = YES;
				GCC_WARN_ABOUT_RETURN_TYPE = YES_ERROR;
				GCC_WARN_UNDECLARED_SELECTOR = YES;
				GCC_WARN_UNINITIALIZED_AUTOS = YES_AGGRESSIVE;
				GCC_WARN_UNUSED_FUNCTION = YES;
				GCC_WARN_UNUSED_VARIABLE = YES;
				IPHONEOS_DEPLOYMENT_TARGET = 17.0;
				MARKETING_VERSION = 0.1.1;
				MTL_ENABLE_DEBUG_INFO = INCLUDE_SOURCE;
				MTL_FAST_MATH = YES;
				ONLY_ACTIVE_ARCH = YES;
				PRODUCT_NAME = "$(TARGET_NAME)";
				READER_BUNDLE_ID = app.reader.ios;
				READER_EXTENSION_BUNDLE_ID = app.reader.ios.extension;
				SDKROOT = iphoneos;
				SWIFT_ACTIVE_COMPILATION_CONDITIONS = DEBUG;
				SWIFT_OPTIMIZATION_LEVEL = "-Onone";
				SWIFT_VERSION = 6.0;
			};
			name = Debug;
		};
		4EFAB7B7BB2129154ED058D7 /* Release */ = {
			isa = XCBuildConfiguration;
			buildSettings = {
				APPLICATION_EXTENSION_API_ONLY = YES;
				CODE_SIGN_STYLE = Automatic;
				GENERATE_INFOPLIST_FILE = NO;
				INFOPLIST_FILE = ReaderExtension/Info.plist;
				LD_RUNPATH_SEARCH_PATHS = (
					"$(inherited)",
					"@executable_path/Frameworks",
					"@executable_path/../../Frameworks",
				);
				PRODUCT_BUNDLE_IDENTIFIER = "$(READER_EXTENSION_BUNDLE_ID)";
				PRODUCT_NAME = ReaderExtension;
				SDKROOT = iphoneos;
				SKIP_INSTALL = YES;
				TARGETED_DEVICE_FAMILY = "1,2";
			};
			name = Release;
		};
		6CEE14283390AF762CB6E071 /* Release */ = {
			isa = XCBuildConfiguration;
			buildSettings = {
				ALWAYS_SEARCH_USER_PATHS = NO;
				CLANG_ANALYZER_NONNULL = YES;
				CLANG_ANALYZER_NUMBER_OBJECT_CONVERSION = YES_AGGRESSIVE;
				CLANG_CXX_LANGUAGE_STANDARD = "gnu++14";
				CLANG_CXX_LIBRARY = "libc++";
				CLANG_ENABLE_MODULES = YES;
				CLANG_ENABLE_OBJC_ARC = YES;
				CLANG_ENABLE_OBJC_WEAK = YES;
				CLANG_WARN_BLOCK_CAPTURE_AUTORELEASING = YES;
				CLANG_WARN_BOOL_CONVERSION = YES;
				CLANG_WARN_COMMA = YES;
				CLANG_WARN_CONSTANT_CONVERSION = YES;
				CLANG_WARN_DEPRECATED_OBJC_IMPLEMENTATIONS = YES;
				CLANG_WARN_DIRECT_OBJC_ISA_USAGE = YES_ERROR;
				CLANG_WARN_DOCUMENTATION_COMMENTS = YES;
				CLANG_WARN_EMPTY_BODY = YES;
				CLANG_WARN_ENUM_CONVERSION = YES;
				CLANG_WARN_INFINITE_RECURSION = YES;
				CLANG_WARN_INT_CONVERSION = YES;
				CLANG_WARN_NON_LITERAL_NULL_CONVERSION = YES;
				CLANG_WARN_OBJC_IMPLICIT_RETAIN_SELF = YES;
				CLANG_WARN_OBJC_LITERAL_CONVERSION = YES;
				CLANG_WARN_OBJC_ROOT_CLASS = YES_ERROR;
				CLANG_WARN_QUOTED_INCLUDE_IN_FRAMEWORK_HEADER = YES;
				CLANG_WARN_RANGE_LOOP_ANALYSIS = YES;
				CLANG_WARN_STRICT_PROTOTYPES = YES;
				CLANG_WARN_SUSPICIOUS_MOVE = YES;
				CLANG_WARN_UNGUARDED_AVAILABILITY = YES_AGGRESSIVE;
				CLANG_WARN_UNREACHABLE_CODE = YES;
				CLANG_WARN__DUPLICATE_METHOD_MATCH = YES;
				COPY_PHASE_STRIP = NO;
				CURRENT_PROJECT_VERSION = 2;
				DEBUG_INFORMATION_FORMAT = "dwarf-with-dsym";
				ENABLE_NS_ASSERTIONS = NO;
				ENABLE_STRICT_OBJC_MSGSEND = YES;
				GCC_C_LANGUAGE_STANDARD = gnu11;
				GCC_NO_COMMON_BLOCKS = YES;
				GCC_WARN_64_TO_32_BIT_CONVERSION = YES;
				GCC_WARN_ABOUT_RETURN_TYPE = YES_ERROR;
				GCC_WARN_UNDECLARED_SELECTOR = YES;
				GCC_WARN_UNINITIALIZED_AUTOS = YES_AGGRESSIVE;
				GCC_WARN_UNUSED_FUNCTION = YES;
				GCC_WARN_UNUSED_VARIABLE = YES;
				IPHONEOS_DEPLOYMENT_TARGET = 17.0;
				MARKETING_VERSION = 0.1.1;
				MTL_ENABLE_DEBUG_INFO = NO;
				MTL_FAST_MATH = YES;
				PRODUCT_NAME = "$(TARGET_NAME)";
				READER_BUNDLE_ID = app.reader.ios;
				READER_EXTENSION_BUNDLE_ID = app.reader.ios.extension;
				SDKROOT = iphoneos;
				SWIFT_COMPILATION_MODE = wholemodule;
				SWIFT_OPTIMIZATION_LEVEL = "-O";
				SWIFT_VERSION = 6.0;
			};
			name = Release;
		};
		756433C7EE5D1E4BEFB28CC2 /* Release */ = {
			isa = XCBuildConfiguration;
			buildSettings = {
				ASSETCATALOG_COMPILER_APPICON_NAME = AppIcon;
				CODE_SIGN_IDENTITY = "iPhone Developer";
				CODE_SIGN_STYLE = Automatic;
				GENERATE_INFOPLIST_FILE = NO;
				INFOPLIST_FILE = ReaderApp/Info.plist;
				LD_RUNPATH_SEARCH_PATHS = (
					"$(inherited)",
					"@executable_path/Frameworks",
				);
				PRODUCT_BUNDLE_IDENTIFIER = "$(READER_BUNDLE_ID)";
				PRODUCT_NAME = Reader;
				SDKROOT = iphoneos;
				TARGETED_DEVICE_FAMILY = "1,2";
			};
			name = Release;
		};
		7F9D220D7AE34A3143B5616E /* Debug */ = {
			isa = XCBuildConfiguration;
			buildSettings = {
				ASSETCATALOG_COMPILER_APPICON_NAME = AppIcon;
				CODE_SIGN_IDENTITY = "iPhone Developer";
				CODE_SIGN_STYLE = Automatic;
				GENERATE_INFOPLIST_FILE = NO;
				INFOPLIST_FILE = ReaderApp/Info.plist;
				LD_RUNPATH_SEARCH_PATHS = (
					"$(inherited)",
					"@executable_path/Frameworks",
				);
				PRODUCT_BUNDLE_IDENTIFIER = "$(READER_BUNDLE_ID)";
				PRODUCT_NAME = Reader;
				SDKROOT = iphoneos;
				TARGETED_DEVICE_FAMILY = "1,2";
			};
			name = Debug;
		};
/* End XCBuildConfiguration section */

/* Begin XCConfigurationList section */
		21E55A0F7442A2C8FA97EE36 /* Build configuration list for PBXNativeTarget "Reader" */ = {
			isa = XCConfigurationList;
			buildConfigurations = (
				7F9D220D7AE34A3143B5616E /* Debug */,
				756433C7EE5D1E4BEFB28CC2 /* Release */,
			);
			defaultConfigurationIsVisible = 0;
			defaultConfigurationName = Debug;
		};
		9737E32CE941DDF829DB13E3 /* Build configuration list for PBXNativeTarget "ReaderExtension" */ = {
			isa = XCConfigurationList;
			buildConfigurations = (
				325D20FC41E71E936F8C8B19 /* Debug */,
				4EFAB7B7BB2129154ED058D7 /* Release */,
			);
			defaultConfigurationIsVisible = 0;
			defaultConfigurationName = Debug;
		};
		FBA57EFE88FEA7157D85F533 /* Build configuration list for PBXProject "Reader" */ = {
			isa = XCConfigurationList;
			buildConfigurations = (
				4BE7A8885E008B33AF7A31A8 /* Debug */,
				6CEE14283390AF762CB6E071 /* Release */,
			);
			defaultConfigurationIsVisible = 0;
			defaultConfigurationName = Debug;
		};
/* End XCConfigurationList section */
	};
	rootObject = 6C1D9791AA3E6017BFAFC4E3 /* Project object */;
}
